
Microsoft Visual Studio Solution File, Format Version 12.00
# Visual Studio Version 17
VisualStudioVersion = 17.2.32630.192
MinimumVisualStudioVersion = 10.0.40219.1
Project("{FAE04EC0-301F-11D3-BF4B-00C04F79EFBC}") = "GrabDemSite", "GrabDemSite\GrabDemSite.csproj", "{96D34399-6FF7-4367-A15A-81458F851646}"
EndProject
Global
	GlobalSection(SolutionConfigurationPlatforms) = preSolution
		Debug|Any CPU = Debug|Any CPU
		Release|Any CPU = Release|Any CPU
	EndGlobalSection
	GlobalSection(ProjectConfigurationPlatforms) = postSolution
		{96D34399-6FF7-4367-A15A-81458F851646}.Debug|Any CPU.ActiveCfg = Debug|Any CPU
		{96D34399-6FF7-4367-A15A-81458F851646}.Debug|Any CPU.Build.0 = Debug|Any CPU
		{96D34399-6FF7-4367-A15A-81458F851646}.Release|Any CPU.ActiveCfg = Release|Any CPU
		{96D34399-6FF7-4367-A15A-81458F851646}.Release|Any CPU.Build.0 = Release|Any CPU
	EndGlobalSection
	GlobalSection(SolutionProperties) = preSolution
		HideSolutionNode = FALSE
	EndGlobalSection
	GlobalSection(ExtensibilityGlobals) = postSolution
		SolutionGuid = {9FAFDD23-3852-449D-82CF-2D28D8FC15B6}
	EndGlobalSection
EndGlobal
